
Microsoft Visual Studio Solution File, Format Version 12.00
# Visual Studio Version 16
VisualStudioVersion = 16.0.30330.147
MinimumVisualStudioVersion = 10.0.40219.1
Project("{FAE04EC0-301F-11D3-BF4B-00C04F79EFBC}") = "ETWTestProvider", "ETWTestProvider\ETWTestProvider.csproj", "{4D517472-B549-4D03-9FAB-2623D70AAC26}"
EndProject
Global
	GlobalSection(SolutionConfigurationPlatforms) = preSolution
		Debug|Any CPU = Debug|Any CPU
		Release|Any CPU = Release|Any CPU
	EndGlobalSection
	GlobalSection(ProjectConfigurationPlatforms) = postSolution
		{4D517472-B549-4D03-9FAB-2623D70AAC26}.Debug|Any CPU.ActiveCfg = Debug|Any CPU
		{4D517472-B549-4D03-9FAB-2623D70AAC26}.Debug|Any CPU.Build.0 = Debug|Any CPU
		{4D517472-B549-4D03-9FAB-2623D70AAC26}.Release|Any CPU.ActiveCfg = Release|Any CPU
		{4D517472-B549-4D03-9FAB-2623D70AAC26}.Release|Any CPU.Build.0 = Release|Any CPU
	EndGlobalSection
	GlobalSection(SolutionProperties) = preSolution
		HideSolutionNode = FALSE
	EndGlobalSection
	GlobalSection(ExtensibilityGlobals) = postSolution
		SolutionGuid = {C0D8B1A5-BE36-49C3-A4A5-B7385A11516D}
	EndGlobalSection
EndGlobal
